
Microsoft Visual Studio Solution File, Format Version 12.00
# Visual Studio Version 16
VisualStudioVersion = 16.0.808.10
MinimumVisualStudioVersion = 10.0.40219.1
Project("{FAE04EC0-301F-11D3-BF4B-00C04F79EFBC}") = "LinhFoodTruckWebsite", "LinhFoodTruckWebsite\LinhFoodTruckWebsite.csproj", "{3958679C-ADCA-4C14-AF1E-36B44B3E1D12}"
EndProject
Project("{FAE04EC0-301F-11D3-BF4B-00C04F79EFBC}") = "LinhFoodTruck.Location.Api", "LinhFoodTruck.Location.Api\LinhFoodTruck.Location.Api.csproj", "{E3B9E414-1D5F-471C-839A-718491CA53A7}"
EndProject
Project("{2150E333-8FDC-42A3-9474-1A3956D46DE8}") = "Data", "Data", "{FE65EE5C-BF04-4F48-8BA2-DB7D2E27054F}"
EndProject
Project("{FAE04EC0-301F-11D3-BF4B-00C04F79EFBC}") = "Location.Definition", "Location.Definition\Location.Definition.csproj", "{1B444DC8-431B-458D-9EB0-86CC3620560B}"
EndProject
Project("{FAE04EC0-301F-11D3-BF4B-00C04F79EFBC}") = "Location.Persistence", "Location.Definition\Location.Persistence\Location.Persistence.csproj", "{3A7E8F72-FA90-4440-9EE1-D7EA7F6C6AA2}"
EndProject
Global
	GlobalSection(SolutionConfigurationPlatforms) = preSolution
		Debug|Any CPU = Debug|Any CPU
		Release|Any CPU = Release|Any CPU
	EndGlobalSection
	GlobalSection(ProjectConfigurationPlatforms) = postSolution
		{3958679C-ADCA-4C14-AF1E-36B44B3E1D12}.Debug|Any CPU.ActiveCfg = Debug|Any CPU
		{3958679C-ADCA-4C14-AF1E-36B44B3E1D12}.Debug|Any CPU.Build.0 = Debug|Any CPU
		{3958679C-ADCA-4C14-AF1E-36B44B3E1D12}.Release|Any CPU.ActiveCfg = Release|Any CPU
		{3958679C-ADCA-4C14-AF1E-36B44B3E1D12}.Release|Any CPU.Build.0 = Release|Any CPU
		{E3B9E414-1D5F-471C-839A-718491CA53A7}.Debug|Any CPU.ActiveCfg = Debug|Any CPU
		{E3B9E414-1D5F-471C-839A-718491CA53A7}.Debug|Any CPU.Build.0 = Debug|Any CPU
		{E3B9E414-1D5F-471C-839A-718491CA53A7}.Release|Any CPU.ActiveCfg = Release|Any CPU
		{E3B9E414-1D5F-471C-839A-718491CA53A7}.Release|Any CPU.Build.0 = Release|Any CPU
		{1B444DC8-431B-458D-9EB0-86CC3620560B}.Debug|Any CPU.ActiveCfg = Debug|Any CPU
		{1B444DC8-431B-458D-9EB0-86CC3620560B}.Debug|Any CPU.Build.0 = Debug|Any CPU
		{1B444DC8-431B-458D-9EB0-86CC3620560B}.Release|Any CPU.ActiveCfg = Release|Any CPU
		{1B444DC8-431B-458D-9EB0-86CC3620560B}.Release|Any CPU.Build.0 = Release|Any CPU
		{3A7E8F72-FA90-4440-9EE1-D7EA7F6C6AA2}.Debug|Any CPU.ActiveCfg = Debug|Any CPU
		{3A7E8F72-FA90-4440-9EE1-D7EA7F6C6AA2}.Debug|Any CPU.Build.0 = Debug|Any CPU
		{3A7E8F72-FA90-4440-9EE1-D7EA7F6C6AA2}.Release|Any CPU.ActiveCfg = Release|Any CPU
		{3A7E8F72-FA90-4440-9EE1-D7EA7F6C6AA2}.Release|Any CPU.Build.0 = Release|Any CPU
	EndGlobalSection
	GlobalSection(SolutionProperties) = preSolution
		HideSolutionNode = FALSE
	EndGlobalSection
	GlobalSection(ExtensibilityGlobals) = postSolution
		SolutionGuid = {490E748B-4D00-4891-9A66-85C2D90BC4C7}
	EndGlobalSection
	GlobalSection(NestedProjects) = preSolution
		{1B444DC8-431B-458D-9EB0-86CC3620560B} = {FE65EE5C-BF04-4F48-8BA2-DB7D2E27054F}
		{3A7E8F72-FA90-4440-9EE1-D7EA7F6C6AA2} = {FE65EE5C-BF04-4F48-8BA2-DB7D2E27054F}
	EndGlobalSection
EndGlobal
